
Microsoft Visual Studio Solution File, Format Version 12.00
# Visual Studio 14
VisualStudioVersion = 14.0.25420.1
MinimumVisualStudioVersion = 10.0.40219.1
Project("{FAE04EC0-301F-11D3-BF4B-00C04F79EFBC}") = "ALMPOC.CRM.Plugins", "ALMPOC.CRM.Plugins.csproj", "{008EACB5-3534-4006-ABCD-318B764EAFAA}"
EndProject
Project("{FAE04EC0-301F-11D3-BF4B-00C04F79EFBC}") = "ALMPOC.CRM.Webresources", "..\ALMPOC.CRM.Webresources\ALMPOC.CRM.Webresources.csproj", "{56DF2D7A-2D1B-4FD1-B9D7-098C11EFFD96}"
EndProject
Global
	GlobalSection(SolutionConfigurationPlatforms) = preSolution
		Debug|Any CPU = Debug|Any CPU
		Release|Any CPU = Release|Any CPU
	EndGlobalSection
	GlobalSection(ProjectConfigurationPlatforms) = postSolution
		{008EACB5-3534-4006-ABCD-318B764EAFAA}.Debug|Any CPU.ActiveCfg = Debug|Any CPU
		{008EACB5-3534-4006-ABCD-318B764EAFAA}.Debug|Any CPU.Build.0 = Debug|Any CPU
		{008EACB5-3534-4006-ABCD-318B764EAFAA}.Release|Any CPU.ActiveCfg = Release|Any CPU
		{008EACB5-3534-4006-ABCD-318B764EAFAA}.Release|Any CPU.Build.0 = Release|Any CPU
		{56DF2D7A-2D1B-4FD1-B9D7-098C11EFFD96}.Debug|Any CPU.ActiveCfg = Debug|Any CPU
		{56DF2D7A-2D1B-4FD1-B9D7-098C11EFFD96}.Debug|Any CPU.Build.0 = Debug|Any CPU
		{56DF2D7A-2D1B-4FD1-B9D7-098C11EFFD96}.Release|Any CPU.ActiveCfg = Release|Any CPU
		{56DF2D7A-2D1B-4FD1-B9D7-098C11EFFD96}.Release|Any CPU.Build.0 = Release|Any CPU
	EndGlobalSection
	GlobalSection(SolutionProperties) = preSolution
		HideSolutionNode = FALSE
	EndGlobalSection
EndGlobal
